
Microsoft Visual Studio Solution File, Format Version 12.00
# Visual Studio 2017
Project("{FAE04EC0-301F-11D3-BF4B-00C04F79EFBC}") = "Klinc (2)", "Klinc (2).csproj", "{078366A5-6310-D1E7-9225-01D81E7495E9}"
EndProject
Project("{FAE04EC0-301F-11D3-BF4B-00C04F79EFBC}") = "Klinc (2).Plugins", "Klinc (2).Plugins.csproj", "{8DA88005-D1F7-813E-FF45-524CAA3729C4}"
EndProject
Project("{FAE04EC0-301F-11D3-BF4B-00C04F79EFBC}") = "Klinc (2).Editor", "Klinc (2).Editor.csproj", "{0C64885D-7989-882E-F9B8-1B74E010D30E}"
EndProject
Global
	GlobalSection(SolutionConfigurationPlatforms) = preSolution
		Debug|Any CPU = Debug|Any CPU
		Release|Any CPU = Release|Any CPU
	EndGlobalSection
	GlobalSection(ProjectConfigurationPlatforms) = postSolution
		{078366A5-6310-D1E7-9225-01D81E7495E9}.Debug|Any CPU.ActiveCfg = Debug|Any CPU
		{078366A5-6310-D1E7-9225-01D81E7495E9}.Debug|Any CPU.Build.0 = Debug|Any CPU
		{078366A5-6310-D1E7-9225-01D81E7495E9}.Release|Any CPU.ActiveCfg = Release|Any CPU
		{078366A5-6310-D1E7-9225-01D81E7495E9}.Release|Any CPU.Build.0 = Release|Any CPU
		{8DA88005-D1F7-813E-FF45-524CAA3729C4}.Debug|Any CPU.ActiveCfg = Debug|Any CPU
		{8DA88005-D1F7-813E-FF45-524CAA3729C4}.Debug|Any CPU.Build.0 = Debug|Any CPU
		{8DA88005-D1F7-813E-FF45-524CAA3729C4}.Release|Any CPU.ActiveCfg = Release|Any CPU
		{8DA88005-D1F7-813E-FF45-524CAA3729C4}.Release|Any CPU.Build.0 = Release|Any CPU
		{0C64885D-7989-882E-F9B8-1B74E010D30E}.Debug|Any CPU.ActiveCfg = Debug|Any CPU
		{0C64885D-7989-882E-F9B8-1B74E010D30E}.Debug|Any CPU.Build.0 = Debug|Any CPU
		{0C64885D-7989-882E-F9B8-1B74E010D30E}.Release|Any CPU.ActiveCfg = Release|Any CPU
		{0C64885D-7989-882E-F9B8-1B74E010D30E}.Release|Any CPU.Build.0 = Release|Any CPU
	EndGlobalSection
	GlobalSection(SolutionProperties) = preSolution
		HideSolutionNode = FALSE
	EndGlobalSection
EndGlobal
