
Microsoft Visual Studio Solution File, Format Version 12.00
# Visual Studio 2017
Project("{FAE04EC0-301F-11D3-BF4B-00C04F79EFBC}") = "Klinc Game", "Klinc Game.csproj", "{4C722483-2846-9B33-60B7-6CB2DE099E8D}"
EndProject
Project("{FAE04EC0-301F-11D3-BF4B-00C04F79EFBC}") = "Klinc Game.Plugins", "Klinc Game.Plugins.csproj", "{8A6EB124-56BB-5719-B9AF-A4E2351FAE78}"
EndProject
Project("{FAE04EC0-301F-11D3-BF4B-00C04F79EFBC}") = "Klinc Game.Editor", "Klinc Game.Editor.csproj", "{7E9C6AF8-9CB0-DA0C-37A7-C2F079FAD162}"
EndProject
Global
	GlobalSection(SolutionConfigurationPlatforms) = preSolution
		Debug|Any CPU = Debug|Any CPU
		Release|Any CPU = Release|Any CPU
	EndGlobalSection
	GlobalSection(ProjectConfigurationPlatforms) = postSolution
		{4C722483-2846-9B33-60B7-6CB2DE099E8D}.Debug|Any CPU.ActiveCfg = Debug|Any CPU
		{4C722483-2846-9B33-60B7-6CB2DE099E8D}.Debug|Any CPU.Build.0 = Debug|Any CPU
		{4C722483-2846-9B33-60B7-6CB2DE099E8D}.Release|Any CPU.ActiveCfg = Release|Any CPU
		{4C722483-2846-9B33-60B7-6CB2DE099E8D}.Release|Any CPU.Build.0 = Release|Any CPU
		{8A6EB124-56BB-5719-B9AF-A4E2351FAE78}.Debug|Any CPU.ActiveCfg = Debug|Any CPU
		{8A6EB124-56BB-5719-B9AF-A4E2351FAE78}.Debug|Any CPU.Build.0 = Debug|Any CPU
		{8A6EB124-56BB-5719-B9AF-A4E2351FAE78}.Release|Any CPU.ActiveCfg = Release|Any CPU
		{8A6EB124-56BB-5719-B9AF-A4E2351FAE78}.Release|Any CPU.Build.0 = Release|Any CPU
		{7E9C6AF8-9CB0-DA0C-37A7-C2F079FAD162}.Debug|Any CPU.ActiveCfg = Debug|Any CPU
		{7E9C6AF8-9CB0-DA0C-37A7-C2F079FAD162}.Debug|Any CPU.Build.0 = Debug|Any CPU
		{7E9C6AF8-9CB0-DA0C-37A7-C2F079FAD162}.Release|Any CPU.ActiveCfg = Release|Any CPU
		{7E9C6AF8-9CB0-DA0C-37A7-C2F079FAD162}.Release|Any CPU.Build.0 = Release|Any CPU
	EndGlobalSection
	GlobalSection(SolutionProperties) = preSolution
		HideSolutionNode = FALSE
	EndGlobalSection
EndGlobal
