
Microsoft Visual Studio Solution File, Format Version 12.00
# Visual Studio 2017
Project("{FAE04EC0-301F-11D3-BF4B-00C04F79EFBC}") = "Klinc(Beta)", "Klinc(Beta).csproj", "{9D0424B0-9D4C-66D4-B166-F5C069594B8A}"
EndProject
Project("{FAE04EC0-301F-11D3-BF4B-00C04F79EFBC}") = "Klinc(Beta).Plugins", "Klinc(Beta).Plugins.csproj", "{72DAE3E5-7B35-1C66-B5F7-E3A923C26560}"
EndProject
Project("{FAE04EC0-301F-11D3-BF4B-00C04F79EFBC}") = "Klinc(Beta).Editor", "Klinc(Beta).Editor.csproj", "{903E60E8-374F-0039-A604-A584CC48998C}"
EndProject
Global
	GlobalSection(SolutionConfigurationPlatforms) = preSolution
		Debug|Any CPU = Debug|Any CPU
		Release|Any CPU = Release|Any CPU
	EndGlobalSection
	GlobalSection(ProjectConfigurationPlatforms) = postSolution
		{9D0424B0-9D4C-66D4-B166-F5C069594B8A}.Debug|Any CPU.ActiveCfg = Debug|Any CPU
		{9D0424B0-9D4C-66D4-B166-F5C069594B8A}.Debug|Any CPU.Build.0 = Debug|Any CPU
		{9D0424B0-9D4C-66D4-B166-F5C069594B8A}.Release|Any CPU.ActiveCfg = Release|Any CPU
		{9D0424B0-9D4C-66D4-B166-F5C069594B8A}.Release|Any CPU.Build.0 = Release|Any CPU
		{72DAE3E5-7B35-1C66-B5F7-E3A923C26560}.Debug|Any CPU.ActiveCfg = Debug|Any CPU
		{72DAE3E5-7B35-1C66-B5F7-E3A923C26560}.Debug|Any CPU.Build.0 = Debug|Any CPU
		{72DAE3E5-7B35-1C66-B5F7-E3A923C26560}.Release|Any CPU.ActiveCfg = Release|Any CPU
		{72DAE3E5-7B35-1C66-B5F7-E3A923C26560}.Release|Any CPU.Build.0 = Release|Any CPU
		{903E60E8-374F-0039-A604-A584CC48998C}.Debug|Any CPU.ActiveCfg = Debug|Any CPU
		{903E60E8-374F-0039-A604-A584CC48998C}.Debug|Any CPU.Build.0 = Debug|Any CPU
		{903E60E8-374F-0039-A604-A584CC48998C}.Release|Any CPU.ActiveCfg = Release|Any CPU
		{903E60E8-374F-0039-A604-A584CC48998C}.Release|Any CPU.Build.0 = Release|Any CPU
	EndGlobalSection
	GlobalSection(SolutionProperties) = preSolution
		HideSolutionNode = FALSE
	EndGlobalSection
EndGlobal
